
Microsoft Visual Studio Solution File, Format Version 12.00
# Visual Studio Version 16
VisualStudioVersion = 16.0.31729.503
MinimumVisualStudioVersion = 10.0.40219.1
Project("{8BC9CEB8-8B4A-11D0-8D11-00A0C91BC942}") = "LabirintoIA", "LabirintoIA\LabirintoIA.vcxproj", "{D87F5BA2-2CF8-4182-A8E2-A154C39338C8}"
EndProject
Global
	GlobalSection(SolutionConfigurationPlatforms) = preSolution
		Debug|x64 = Debug|x64
		Debug|x86 = Debug|x86
		Release|x64 = Release|x64
		Release|x86 = Release|x86
	EndGlobalSection
	GlobalSection(ProjectConfigurationPlatforms) = postSolution
		{D87F5BA2-2CF8-4182-A8E2-A154C39338C8}.Debug|x64.ActiveCfg = Debug|x64
		{D87F5BA2-2CF8-4182-A8E2-A154C39338C8}.Debug|x64.Build.0 = Debug|x64
		{D87F5BA2-2CF8-4182-A8E2-A154C39338C8}.Debug|x86.ActiveCfg = Debug|Win32
		{D87F5BA2-2CF8-4182-A8E2-A154C39338C8}.Debug|x86.Build.0 = Debug|Win32
		{D87F5BA2-2CF8-4182-A8E2-A154C39338C8}.Release|x64.ActiveCfg = Release|x64
		{D87F5BA2-2CF8-4182-A8E2-A154C39338C8}.Release|x64.Build.0 = Release|x64
		{D87F5BA2-2CF8-4182-A8E2-A154C39338C8}.Release|x86.ActiveCfg = Release|Win32
		{D87F5BA2-2CF8-4182-A8E2-A154C39338C8}.Release|x86.Build.0 = Release|Win32
	EndGlobalSection
	GlobalSection(SolutionProperties) = preSolution
		HideSolutionNode = FALSE
	EndGlobalSection
	GlobalSection(ExtensibilityGlobals) = postSolution
		SolutionGuid = {A6D37700-22DC-491F-90F0-5178A35ABF19}
	EndGlobalSection
EndGlobal
